
Microsoft Visual Studio Solution File, Format Version 12.00
# Visual Studio Version 17
VisualStudioVersion = 17.2.32427.441
MinimumVisualStudioVersion = 10.0.40219.1
Project("{FAE04EC0-301F-11D3-BF4B-00C04F79EFBC}") = "VKBot", "VKBot.csproj", "{9F66A0D6-3D7D-4933-A104-462363D4038A}"
EndProject
Global
	GlobalSection(SolutionConfigurationPlatforms) = preSolution
		Debug|Any CPU = Debug|Any CPU
		Release|Any CPU = Release|Any CPU
	EndGlobalSection
	GlobalSection(ProjectConfigurationPlatforms) = postSolution
		{9F66A0D6-3D7D-4933-A104-462363D4038A}.Debug|Any CPU.ActiveCfg = Debug|Any CPU
		{9F66A0D6-3D7D-4933-A104-462363D4038A}.Debug|Any CPU.Build.0 = Debug|Any CPU
		{9F66A0D6-3D7D-4933-A104-462363D4038A}.Release|Any CPU.ActiveCfg = Release|Any CPU
		{9F66A0D6-3D7D-4933-A104-462363D4038A}.Release|Any CPU.Build.0 = Release|Any CPU
	EndGlobalSection
	GlobalSection(SolutionProperties) = preSolution
		HideSolutionNode = FALSE
	EndGlobalSection
	GlobalSection(ExtensibilityGlobals) = postSolution
		SolutionGuid = {DAB2B6C6-36A1-4993-9314-A17122E7155F}
	EndGlobalSection
EndGlobal
